// !$*UTF8*$!
{
	archiveVersion = 1;
	classes = {
	};
	objectVersion = 56;
	objects = {

/* Begin PBXBuildFile section */
		C5598D9529F14FD000E954FE /* Files.swift in Sources */ = {isa = PBXBuildFile; fileRef = C5598D9429F14FD000E954FE /* Files.swift */; };
		C56ECBB929E98C1700A092E6 /* AppDelegate.swift in Sources */ = {isa = PBXBuildFile; fileRef = C56ECBB829E98C1700A092E6 /* AppDelegate.swift */; };
		C56ECBBB29E98C1700A092E6 /* SceneDelegate.swift in Sources */ = {isa = PBXBuildFile; fileRef = C56ECBBA29E98C1700A092E6 /* SceneDelegate.swift */; };
		C56ECBBD29E98C1700A092E6 /* ViewController.swift in Sources */ = {isa = PBXBuildFile; fileRef = C56ECBBC29E98C1700A092E6 /* ViewController.swift */; };
		C56ECBC029E98C1700A092E6 /* Main.storyboard in Resources */ = {isa = PBXBuildFile; fileRef = C56ECBBE29E98C1700A092E6 /* Main.storyboard */; };
		C56ECBC229E98C1900A092E6 /* Assets.xcassets in Resources */ = {isa = PBXBuildFile; fileRef = C56ECBC129E98C1900A092E6 /* Assets.xcassets */; };
		C56ECBC529E98C1900A092E6 /* LaunchScreen.storyboard in Resources */ = {isa = PBXBuildFile; fileRef = C56ECBC329E98C1900A092E6 /* LaunchScreen.storyboard */; };
		C56ECBD029E98C1900A092E6 /* TableViewBeginnerTests.swift in Sources */ = {isa = PBXBuildFile; fileRef = C56ECBCF29E98C1900A092E6 /* TableViewBeginnerTests.swift */; };
		C56ECBDA29E98C1900A092E6 /* TableViewBeginnerUITests.swift in Sources */ = {isa = PBXBuildFile; fileRef = C56ECBD929E98C1900A092E6 /* TableViewBeginnerUITests.swift */; };
		C56ECBDC29E98C1900A092E6 /* TableViewBeginnerUITestsLaunchTests.swift in Sources */ = {isa = PBXBuildFile; fileRef = C56ECBDB29E98C1900A092E6 /* TableViewBeginnerUITestsLaunchTests.swift */; };
/* End PBXBuildFile section */

/* Begin PBXContainerItemProxy section */
		C56ECBCC29E98C1900A092E6 /* PBXContainerItemProxy */ = {
			isa = PBXContainerItemProxy;
			containerPortal = C56ECBAD29E98C1700A092E6 /* Project object */;
			proxyType = 1;
			remoteGlobalIDString = C56ECBB429E98C1700A092E6;
			remoteInfo = TableViewBeginner;
		};
		C56ECBD629E98C1900A092E6 /* PBXContainerItemProxy */ = {
			isa = PBXContainerItemProxy;
			containerPortal = C56ECBAD29E98C1700A092E6 /* Project object */;
			proxyType = 1;
			remoteGlobalIDString = C56ECBB429E98C1700A092E6;
			remoteInfo = TableViewBeginner;
		};
/* End PBXContainerItemProxy section */

/* Begin PBXFileReference section */
		C5598D9429F14FD000E954FE /* Files.swift */ = {isa = PBXFileReference; lastKnownFileType = sourcecode.swift; path = Files.swift; sourceTree = "<group>"; };
		C56ECBB529E98C1700A092E6 /* TableViewBeginner.app */ = {isa = PBXFileReference; explicitFileType = wrapper.application; includeInIndex = 0; path = TableViewBeginner.app; sourceTree = BUILT_PRODUCTS_DIR; };
		C56ECBB829E98C1700A092E6 /* AppDelegate.swift */ = {isa = PBXFileReference; lastKnownFileType = sourcecode.swift; path = AppDelegate.swift; sourceTree = "<group>"; };
		C56ECBBA29E98C1700A092E6 /* SceneDelegate.swift */ = {isa = PBXFileReference; lastKnownFileType = sourcecode.swift; path = SceneDelegate.swift; sourceTree = "<group>"; };
		C56ECBBC29E98C1700A092E6 /* ViewController.swift */ = {isa = PBXFileReference; lastKnownFileType = sourcecode.swift; path = ViewController.swift; sourceTree = "<group>"; };
		C56ECBBF29E98C1700A092E6 /* Base */ = {isa = PBXFileReference; lastKnownFileType = file.storyboard; name = Base; path = Base.lproj/Main.storyboard; sourceTree = "<group>"; };
		C56ECBC129E98C1900A092E6 /* Assets.xcassets */ = {isa = PBXFileReference; lastKnownFileType = folder.assetcatalog; path = Assets.xcassets; sourceTree = "<group>"; };
		C56ECBC429E98C1900A092E6 /* Base */ = {isa = PBXFileReference; lastKnownFileType = file.storyboard; name = Base; path = Base.lproj/LaunchScreen.storyboard; sourceTree = "<group>"; };
		C56ECBC629E98C1900A092E6 /* Info.plist */ = {isa = PBXFileReference; lastKnownFileType = text.plist.xml; path = Info.plist; sourceTree = "<group>"; };
		C56ECBCB29E98C1900A092E6 /* TableViewBeginnerTests.xctest */ = {isa = PBXFileReference; explicitFileType = wrapper.cfbundle; includeInIndex = 0; path = TableViewBeginnerTests.xctest; sourceTree = BUILT_PRODUCTS_DIR; };
		C56ECBCF29E98C1900A092E6 /* TableViewBeginnerTests.swift */ = {isa = PBXFileReference; lastKnownFileType = sourcecode.swift; path = TableViewBeginnerTests.swift; sourceTree = "<group>"; };
		C56ECBD529E98C1900A092E6 /* TableViewBeginnerUITests.xctest */ = {isa = PBXFileReference; explicitFileType = wrapper.cfbundle; includeInIndex = 0; path = TableViewBeginnerUITests.xctest; sourceTree = BUILT_PRODUCTS_DIR; };
		C56ECBD929E98C1900A092E6 /* TableViewBeginnerUITests.swift */ = {isa = PBXFileReference; lastKnownFileType = sourcecode.swift; path = TableViewBeginnerUITests.swift; sourceTree = "<group>"; };
		C56ECBDB29E98C1900A092E6 /* TableViewBeginnerUITestsLaunchTests.swift */ = {isa = PBXFileReference; lastKnownFileType = sourcecode.swift; path = TableViewBeginnerUITestsLaunchTests.swift; sourceTree = "<group>"; };
/* End PBXFileReference section */

/* Begin PBXFrameworksBuildPhase section */
		C56ECBB229E98C1700A092E6 /* Frameworks */ = {
			isa = PBXFrameworksBuildPhase;
			buildActionMask = 2147483647;
			files = (
			);
			runOnlyForDeploymentPostprocessing = 0;
		};
		C56ECBC829E98C1900A092E6 /* Frameworks */ = {
			isa = PBXFrameworksBuildPhase;
			buildActionMask = 2147483647;
			files = (
			);
			runOnlyForDeploymentPostprocessing = 0;
		};
		C56ECBD229E98C1900A092E6 /* Frameworks */ = {
			isa = PBXFrameworksBuildPhase;
			buildActionMask = 2147483647;
			files = (
			);
			runOnlyForDeploymentPostprocessing = 0;
		};
/* End PBXFrameworksBuildPhase section */

/* Begin PBXGroup section */
		C5598D9229F14F9600E954FE /* Controller */ = {
			isa = PBXGroup;
			children = (
				C56ECBBC29E98C1700A092E6 /* ViewController.swift */,
			);
			path = Controller;
			sourceTree = "<group>";
		};
		C5598D9329F14FB100E954FE /* View */ = {
			isa = PBXGroup;
			children = (
				C56ECBBE29E98C1700A092E6 /* Main.storyboard */,
			);
			path = View;
			sourceTree = "<group>";
		};
		C5598D9629F14FD500E954FE /* Model */ = {
			isa = PBXGroup;
			children = (
				C5598D9429F14FD000E954FE /* Files.swift */,
			);
			path = Model;
			sourceTree = "<group>";
		};
		C56ECBAC29E98C1700A092E6 = {
			isa = PBXGroup;
			children = (
				C56ECBB729E98C1700A092E6 /* TableViewBeginner */,
				C56ECBCE29E98C1900A092E6 /* TableViewBeginnerTests */,
				C56ECBD829E98C1900A092E6 /* TableViewBeginnerUITests */,
				C56ECBB629E98C1700A092E6 /* Products */,
			);
			sourceTree = "<group>";
		};
		C56ECBB629E98C1700A092E6 /* Products */ = {
			isa = PBXGroup;
			children = (
				C56ECBB529E98C1700A092E6 /* TableViewBeginner.app */,
				C56ECBCB29E98C1900A092E6 /* TableViewBeginnerTests.xctest */,
				C56ECBD529E98C1900A092E6 /* TableViewBeginnerUITests.xctest */,
			);
			name = Products;
			sourceTree = "<group>";
		};
		C56ECBB729E98C1700A092E6 /* TableViewBeginner */ = {
			isa = PBXGroup;
			children = (
				C56ECBB829E98C1700A092E6 /* AppDelegate.swift */,
				C56ECBBA29E98C1700A092E6 /* SceneDelegate.swift */,
				C5598D9629F14FD500E954FE /* Model */,
				C5598D9229F14F9600E954FE /* Controller */,
				C5598D9329F14FB100E954FE /* View */,
				C56ECBC129E98C1900A092E6 /* Assets.xcassets */,
				C56ECBC329E98C1900A092E6 /* LaunchScreen.storyboard */,
				C56ECBC629E98C1900A092E6 /* Info.plist */,
			);
			path = TableViewBeginner;
			sourceTree = "<group>";
		};
		C56ECBCE29E98C1900A092E6 /* TableViewBeginnerTests */ = {
			isa = PBXGroup;
			children = (
				C56ECBCF29E98C1900A092E6 /* TableViewBeginnerTests.swift */,
			);
			path = TableViewBeginnerTests;
			sourceTree = "<group>";
		};
		C56ECBD829E98C1900A092E6 /* TableViewBeginnerUITests */ = {
			isa = PBXGroup;
			children = (
				C56ECBD929E98C1900A092E6 /* TableViewBeginnerUITests.swift */,
				C56ECBDB29E98C1900A092E6 /* TableViewBeginnerUITestsLaunchTests.swift */,
			);
			path = TableViewBeginnerUITests;
			sourceTree = "<group>";
		};
/* End PBXGroup section */

/* Begin PBXNativeTarget section */
		C56ECBB429E98C1700A092E6 /* TableViewBeginner */ = {
			isa = PBXNativeTarget;
			buildConfigurationList = C56ECBDF29E98C1900A092E6 /* Build configuration list for PBXNativeTarget "TableViewBeginner" */;
			buildPhases = (
				C56ECBB129E98C1700A092E6 /* Sources */,
				C56ECBB229E98C1700A092E6 /* Frameworks */,
				C56ECBB329E98C1700A092E6 /* Resources */,
			);
			buildRules = (
			);
			dependencies = (
			);
			name = TableViewBeginner;
			productName = TableViewBeginner;
			productReference = C56ECBB529E98C1700A092E6 /* TableViewBeginner.app */;
			productType = "com.apple.product-type.application";
		};
		C56ECBCA29E98C1900A092E6 /* TableViewBeginnerTests */ = {
			isa = PBXNativeTarget;
			buildConfigurationList = C56ECBE229E98C1900A092E6 /* Build configuration list for PBXNativeTarget "TableViewBeginnerTests" */;
			buildPhases = (
				C56ECBC729E98C1900A092E6 /* Sources */,
				C56ECBC829E98C1900A092E6 /* Frameworks */,
				C56ECBC929E98C1900A092E6 /* Resources */,
			);
			buildRules = (
			);
			dependencies = (
				C56ECBCD29E98C1900A092E6 /* PBXTargetDependency */,
			);
			name = TableViewBeginnerTests;
			productName = TableViewBeginnerTests;
			productReference = C56ECBCB29E98C1900A092E6 /* TableViewBeginnerTests.xctest */;
			productType = "com.apple.product-type.bundle.unit-test";
		};
		C56ECBD429E98C1900A092E6 /* TableViewBeginnerUITests */ = {
			isa = PBXNativeTarget;
			buildConfigurationList = C56ECBE529E98C1900A092E6 /* Build configuration list for PBXNativeTarget "TableViewBeginnerUITests" */;
			buildPhases = (
				C56ECBD129E98C1900A092E6 /* Sources */,
				C56ECBD229E98C1900A092E6 /* Frameworks */,
				C56ECBD329E98C1900A092E6 /* Resources */,
			);
			buildRules = (
			);
			dependencies = (
				C56ECBD729E98C1900A092E6 /* PBXTargetDependency */,
			);
			name = TableViewBeginnerUITests;
			productName = TableViewBeginnerUITests;
			productReference = C56ECBD529E98C1900A092E6 /* TableViewBeginnerUITests.xctest */;
			productType = "com.apple.product-type.bundle.ui-testing";
		};
/* End PBXNativeTarget section */

/* Begin PBXProject section */
		C56ECBAD29E98C1700A092E6 /* Project object */ = {
			isa = PBXProject;
			attributes = {
				BuildIndependentTargetsInParallel = 1;
				LastSwiftUpdateCheck = 1430;
				LastUpgradeCheck = 1430;
				TargetAttributes = {
					C56ECBB429E98C1700A092E6 = {
						CreatedOnToolsVersion = 14.3;
					};
					C56ECBCA29E98C1900A092E6 = {
						CreatedOnToolsVersion = 14.3;
						TestTargetID = C56ECBB429E98C1700A092E6;
					};
					C56ECBD429E98C1900A092E6 = {
						CreatedOnToolsVersion = 14.3;
						TestTargetID = C56ECBB429E98C1700A092E6;
					};
				};
			};
			buildConfigurationList = C56ECBB029E98C1700A092E6 /* Build configuration list for PBXProject "TableViewBeginner" */;
			compatibilityVersion = "Xcode 14.0";
			developmentRegion = en;
			hasScannedForEncodings = 0;
			knownRegions = (
				en,
				Base,
			);
			mainGroup = C56ECBAC29E98C1700A092E6;
			productRefGroup = C56ECBB629E98C1700A092E6 /* Products */;
			projectDirPath = "";
			projectRoot = "";
			targets = (
				C56ECBB429E98C1700A092E6 /* TableViewBeginner */,
				C56ECBCA29E98C1900A092E6 /* TableViewBeginnerTests */,
				C56ECBD429E98C1900A092E6 /* TableViewBeginnerUITests */,
			);
		};
/* End PBXProject section */

/* Begin PBXResourcesBuildPhase section */
		C56ECBB329E98C1700A092E6 /* Resources */ = {
			isa = PBXResourcesBuildPhase;
			buildActionMask = 2147483647;
			files = (
				C56ECBC529E98C1900A092E6 /* LaunchScreen.storyboard in Resources */,
				C56ECBC229E98C1900A092E6 /* Assets.xcassets in Resources */,
				C56ECBC029E98C1700A092E6 /* Main.storyboard in Resources */,
			);
			runOnlyForDeploymentPostprocessing = 0;
		};
		C56ECBC929E98C1900A092E6 /* Resources */ = {
			isa = PBXResourcesBuildPhase;
			buildActionMask = 2147483647;
			files = (
			);
			runOnlyForDeploymentPostprocessing = 0;
		};
		C56ECBD329E98C1900A092E6 /* Resources */ = {
			isa = PBXResourcesBuildPhase;
			buildActionMask = 2147483647;
			files = (
			);
			runOnlyForDeploymentPostprocessing = 0;
		};
/* End PBXResourcesBuildPhase section */

/* Begin PBXSourcesBuildPhase section */
		C56ECBB129E98C1700A092E6 /* Sources */ = {
			isa = PBXSourcesBuildPhase;
			buildActionMask = 2147483647;
			files = (
				C56ECBBD29E98C1700A092E6 /* ViewController.swift in Sources */,
				C5598D9529F14FD000E954FE /* Files.swift in Sources */,
				C56ECBB929E98C1700A092E6 /* AppDelegate.swift in Sources */,
				C56ECBBB29E98C1700A092E6 /* SceneDelegate.swift in Sources */,
			);
			runOnlyForDeploymentPostprocessing = 0;
		};
		C56ECBC729E98C1900A092E6 /* Sources */ = {
			isa = PBXSourcesBuildPhase;
			buildActionMask = 2147483647;
			files = (
				C56ECBD029E98C1900A092E6 /* TableViewBeginnerTests.swift in Sources */,
			);
			runOnlyForDeploymentPostprocessing = 0;
		};
		C56ECBD129E98C1900A092E6 /* Sources */ = {
			isa = PBXSourcesBuildPhase;
			buildActionMask = 2147483647;
			files = (
				C56ECBDC29E98C1900A092E6 /* TableViewBeginnerUITestsLaunchTests.swift in Sources */,
				C56ECBDA29E98C1900A092E6 /* TableViewBeginnerUITests.swift in Sources */,
			);
			runOnlyForDeploymentPostprocessing = 0;
		};
/* End PBXSourcesBuildPhase section */

/* Begin PBXTargetDependency section */
		C56ECBCD29E98C1900A092E6 /* PBXTargetDependency */ = {
			isa = PBXTargetDependency;
			target = C56ECBB429E98C1700A092E6 /* TableViewBeginner */;
			targetProxy = C56ECBCC29E98C1900A092E6 /* PBXContainerItemProxy */;
		};
		C56ECBD729E98C1900A092E6 /* PBXTargetDependency */ = {
			isa = PBXTargetDependency;
			target = C56ECBB429E98C1700A092E6 /* TableViewBeginner */;
			targetProxy = C56ECBD629E98C1900A092E6 /* PBXContainerItemProxy */;
		};
/* End PBXTargetDependency section */

/* Begin PBXVariantGroup section */
		C56ECBBE29E98C1700A092E6 /* Main.storyboard */ = {
			isa = PBXVariantGroup;
			children = (
				C56ECBBF29E98C1700A092E6 /* Base */,
			);
			name = Main.storyboard;
			sourceTree = "<group>";
		};
		C56ECBC329E98C1900A092E6 /* LaunchScreen.storyboard */ = {
			isa = PBXVariantGroup;
			children = (
				C56ECBC429E98C1900A092E6 /* Base */,
			);
			name = LaunchScreen.storyboard;
			sourceTree = "<group>";
		};
/* End PBXVariantGroup section */

/* Begin XCBuildConfiguration section */
		C56ECBDD29E98C1900A092E6 /* Debug */ = {
			isa = XCBuildConfiguration;
			buildSettings = {
				ALWAYS_SEARCH_USER_PATHS = NO;
				CLANG_ANALYZER_NONNULL = YES;
				CLANG_ANALYZER_NUMBER_OBJECT_CONVERSION = YES_AGGRESSIVE;
				CLANG_CXX_LANGUAGE_STANDARD = "gnu++20";
				CLANG_ENABLE_MODULES = YES;
				CLANG_ENABLE_OBJC_ARC = YES;
				CLANG_ENABLE_OBJC_WEAK = YES;
				CLANG_WARN_BLOCK_CAPTURE_AUTORELEASING = YES;
				CLANG_WARN_BOOL_CONVERSION = YES;
				CLANG_WARN_COMMA = YES;
				CLANG_WARN_CONSTANT_CONVERSION = YES;
				CLANG_WARN_DEPRECATED_OBJC_IMPLEMENTATIONS = YES;
				CLANG_WARN_DIRECT_OBJC_ISA_USAGE = YES_ERROR;
				CLANG_WARN_DOCUMENTATION_COMMENTS = YES;
				CLANG_WARN_EMPTY_BODY = YES;
				CLANG_WARN_ENUM_CONVERSION = YES;
				CLANG_WARN_INFINITE_RECURSION = YES;
				CLANG_WARN_INT_CONVERSION = YES;
				CLANG_WARN_NON_LITERAL_NULL_CONVERSION = YES;
				CLANG_WARN_OBJC_IMPLICIT_RETAIN_SELF = YES;
				CLANG_WARN_OBJC_LITERAL_CONVERSION = YES;
				CLANG_WARN_OBJC_ROOT_CLASS = YES_ERROR;
				CLANG_WARN_QUOTED_INCLUDE_IN_FRAMEWORK_HEADER = YES;
				CLANG_WARN_RANGE_LOOP_ANALYSIS = YES;
				CLANG_WARN_STRICT_PROTOTYPES = YES;
				CLANG_WARN_SUSPICIOUS_MOVE = YES;
				CLANG_WARN_UNGUARDED_AVAILABILITY = YES_AGGRESSIVE;
				CLANG_WARN_UNREACHABLE_CODE = YES;
				CLANG_WARN__DUPLICATE_METHOD_MATCH = YES;
				COPY_PHASE_STRIP = NO;
				DEBUG_INFORMATION_FORMAT = dwarf;
				ENABLE_STRICT_OBJC_MSGSEND = YES;
				ENABLE_TESTABILITY = YES;
				GCC_C_LANGUAGE_STANDARD = gnu11;
				GCC_DYNAMIC_NO_PIC = NO;
				GCC_NO_COMMON_BLOCKS = YES;
				GCC_OPTIMIZATION_LEVEL = 0;
				GCC_PREPROCESSOR_DEFINITIONS = (
					"DEBUG=1",
					"$(inherited)",
				);
				GCC_WARN_64_TO_32_BIT_CONVERSION = YES;
				GCC_WARN_ABOUT_RETURN_TYPE = YES_ERROR;
				GCC_WARN_UNDECLARED_SELECTOR = YES;
				GCC_WARN_UNINITIALIZED_AUTOS = YES_AGGRESSIVE;
				GCC_WARN_UNUSED_FUNCTION = YES;
				GCC_WARN_UNUSED_VARIABLE = YES;
				IPHONEOS_DEPLOYMENT_TARGET = 16.4;
				MTL_ENABLE_DEBUG_INFO = INCLUDE_SOURCE;
				MTL_FAST_MATH = YES;
				ONLY_ACTIVE_ARCH = YES;
				SDKROOT = iphoneos;
				SWIFT_ACTIVE_COMPILATION_CONDITIONS = DEBUG;
				SWIFT_OPTIMIZATION_LEVEL = "-Onone";
			};
			name = Debug;
		};
		C56ECBDE29E98C1900A092E6 /* Release */ = {
			isa = XCBuildConfiguration;
			buildSettings = {
				ALWAYS_SEARCH_USER_PATHS = NO;
				CLANG_ANALYZER_NONNULL = YES;
				CLANG_ANALYZER_NUMBER_OBJECT_CONVERSION = YES_AGGRESSIVE;
				CLANG_CXX_LANGUAGE_STANDARD = "gnu++20";
				CLANG_ENABLE_MODULES = YES;
				CLANG_ENABLE_OBJC_ARC = YES;
				CLANG_ENABLE_OBJC_WEAK = YES;
				CLANG_WARN_BLOCK_CAPTURE_AUTORELEASING = YES;
				CLANG_WARN_BOOL_CONVERSION = YES;
				CLANG_WARN_COMMA = YES;
				CLANG_WARN_CONSTANT_CONVERSION = YES;
				CLANG_WARN_DEPRECATED_OBJC_IMPLEMENTATIONS = YES;
				CLANG_WARN_DIRECT_OBJC_ISA_USAGE = YES_ERROR;
				CLANG_WARN_DOCUMENTATION_COMMENTS = YES;
				CLANG_WARN_EMPTY_BODY = YES;
				CLANG_WARN_ENUM_CONVERSION = YES;
				CLANG_WARN_INFINITE_RECURSION = YES;
				CLANG_WARN_INT_CONVERSION = YES;
				CLANG_WARN_NON_LITERAL_NULL_CONVERSION = YES;
				CLANG_WARN_OBJC_IMPLICIT_RETAIN_SELF = YES;
				CLANG_WARN_OBJC_LITERAL_CONVERSION = YES;
				CLANG_WARN_OBJC_ROOT_CLASS = YES_ERROR;
				CLANG_WARN_QUOTED_INCLUDE_IN_FRAMEWORK_HEADER = YES;
				CLANG_WARN_RANGE_LOOP_ANALYSIS = YES;
				CLANG_WARN_STRICT_PROTOTYPES = YES;
				CLANG_WARN_SUSPICIOUS_MOVE = YES;
				CLANG_WARN_UNGUARDED_AVAILABILITY = YES_AGGRESSIVE;
				CLANG_WARN_UNREACHABLE_CODE = YES;
				CLANG_WARN__DUPLICATE_METHOD_MATCH = YES;
				COPY_PHASE_STRIP = NO;
				DEBUG_INFORMATION_FORMAT = "dwarf-with-dsym";
				ENABLE_NS_ASSERTIONS = NO;
				ENABLE_STRICT_OBJC_MSGSEND = YES;
				GCC_C_LANGUAGE_STANDARD = gnu11;
				GCC_NO_COMMON_BLOCKS = YES;
				GCC_WARN_64_TO_32_BIT_CONVERSION = YES;
				GCC_WARN_ABOUT_RETURN_TYPE = YES_ERROR;
				GCC_WARN_UNDECLARED_SELECTOR = YES;
				GCC_WARN_UNINITIALIZED_AUTOS = YES_AGGRESSIVE;
				GCC_WARN_UNUSED_FUNCTION = YES;
				GCC_WARN_UNUSED_VARIABLE = YES;
				IPHONEOS_DEPLOYMENT_TARGET = 16.4;
				MTL_ENABLE_DEBUG_INFO = NO;
				MTL_FAST_MATH = YES;
				SDKROOT = iphoneos;
				SWIFT_COMPILATION_MODE = wholemodule;
				SWIFT_OPTIMIZATION_LEVEL = "-O";
				VALIDATE_PRODUCT = YES;
			};
			name = Release;
		};
		C56ECBE029E98C1900A092E6 /* Debug */ = {
			isa = XCBuildConfiguration;
			buildSettings = {
				ASSETCATALOG_COMPILER_APPICON_NAME = AppIcon;
				ASSETCATALOG_COMPILER_GLOBAL_ACCENT_COLOR_NAME = AccentColor;
				CODE_SIGN_IDENTITY = "Apple Development";
				CODE_SIGN_STYLE = Automatic;
				CURRENT_PROJECT_VERSION = 1;
				DEVELOPMENT_TEAM = Y9P57SF7ZN;
				GENERATE_INFOPLIST_FILE = YES;
				INFOPLIST_FILE = TableViewBeginner/Info.plist;
				INFOPLIST_KEY_UIApplicationSupportsIndirectInputEvents = YES;
				INFOPLIST_KEY_UILaunchStoryboardName = LaunchScreen;
				INFOPLIST_KEY_UIMainStoryboardFile = Main;
				INFOPLIST_KEY_UISupportedInterfaceOrientations_iPad = "UIInterfaceOrientationPortrait UIInterfaceOrientationPortraitUpsideDown UIInterfaceOrientationLandscapeLeft UIInterfaceOrientationLandscapeRight";
				INFOPLIST_KEY_UISupportedInterfaceOrientations_iPhone = "UIInterfaceOrientationPortrait UIInterfaceOrientationLandscapeLeft UIInterfaceOrientationLandscapeRight";
				LD_RUNPATH_SEARCH_PATHS = (
					"$(inherited)",
					"@executable_path/Frameworks",
				);
				MARKETING_VERSION = 1.0;
				PRODUCT_BUNDLE_IDENTIFIER = com.sandeep.TableViewBeginner;
				PRODUCT_NAME = "$(TARGET_NAME)";
				PROVISIONING_PROFILE_SPECIFIER = "";
				SWIFT_EMIT_LOC_STRINGS = YES;
				SWIFT_VERSION = 5.0;
				TARGETED_DEVICE_FAMILY = "1,2";
			};
			name = Debug;
		};
		C56ECBE129E98C1900A092E6 /* Release */ = {
			isa = XCBuildConfiguration;
			buildSettings = {
				ASSETCATALOG_COMPILER_APPICON_NAME = AppIcon;
				ASSETCATALOG_COMPILER_GLOBAL_ACCENT_COLOR_NAME = AccentColor;
				CODE_SIGN_IDENTITY = "Apple Development";
				CODE_SIGN_STYLE = Automatic;
				CURRENT_PROJECT_VERSION = 1;
				DEVELOPMENT_TEAM = Y9P57SF7ZN;
				GENERATE_INFOPLIST_FILE = YES;
				INFOPLIST_FILE = TableViewBeginner/Info.plist;
				INFOPLIST_KEY_UIApplicationSupportsIndirectInputEvents = YES;
				INFOPLIST_KEY_UILaunchStoryboardName = LaunchScreen;
				INFOPLIST_KEY_UIMainStoryboardFile = Main;
				INFOPLIST_KEY_UISupportedInterfaceOrientations_iPad = "UIInterfaceOrientationPortrait UIInterfaceOrientationPortraitUpsideDown UIInterfaceOrientationLandscapeLeft UIInterfaceOrientationLandscapeRight";
				INFOPLIST_KEY_UISupportedInterfaceOrientations_iPhone = "UIInterfaceOrientationPortrait UIInterfaceOrientationLandscapeLeft UIInterfaceOrientationLandscapeRight";
				LD_RUNPATH_SEARCH_PATHS = (
					"$(inherited)",
					"@executable_path/Frameworks",
				);
				MARKETING_VERSION = 1.0;
				PRODUCT_BUNDLE_IDENTIFIER = com.sandeep.TableViewBeginner;
				PRODUCT_NAME = "$(TARGET_NAME)";
				PROVISIONING_PROFILE_SPECIFIER = "";
				SWIFT_EMIT_LOC_STRINGS = YES;
				SWIFT_VERSION = 5.0;
				TARGETED_DEVICE_FAMILY = "1,2";
			};
			name = Release;
		};
		C56ECBE329E98C1900A092E6 /* Debug */ = {
			isa = XCBuildConfiguration;
			buildSettings = {
				ALWAYS_EMBED_SWIFT_STANDARD_LIBRARIES = YES;
				BUNDLE_LOADER = "$(TEST_HOST)";
				CODE_SIGN_STYLE = Automatic;
				CURRENT_PROJECT_VERSION = 1;
				GENERATE_INFOPLIST_FILE = YES;
				IPHONEOS_DEPLOYMENT_TARGET = 16.4;
				MARKETING_VERSION = 1.0;
				PRODUCT_BUNDLE_IDENTIFIER = com.sandeep.TableViewBeginnerTests;
				PRODUCT_NAME = "$(TARGET_NAME)";
				SWIFT_EMIT_LOC_STRINGS = NO;
				SWIFT_VERSION = 5.0;
				TARGETED_DEVICE_FAMILY = "1,2";
				TEST_HOST = "$(BUILT_PRODUCTS_DIR)/TableViewBeginner.app/$(BUNDLE_EXECUTABLE_FOLDER_PATH)/TableViewBeginner";
			};
			name = Debug;
		};
		C56ECBE429E98C1900A092E6 /* Release */ = {
			isa = XCBuildConfiguration;
			buildSettings = {
				ALWAYS_EMBED_SWIFT_STANDARD_LIBRARIES = YES;
				BUNDLE_LOADER = "$(TEST_HOST)";
				CODE_SIGN_STYLE = Automatic;
				CURRENT_PROJECT_VERSION = 1;
				GENERATE_INFOPLIST_FILE = YES;
				IPHONEOS_DEPLOYMENT_TARGET = 16.4;
				MARKETING_VERSION = 1.0;
				PRODUCT_BUNDLE_IDENTIFIER = com.sandeep.TableViewBeginnerTests;
				PRODUCT_NAME = "$(TARGET_NAME)";
				SWIFT_EMIT_LOC_STRINGS = NO;
				SWIFT_VERSION = 5.0;
				TARGETED_DEVICE_FAMILY = "1,2";
				TEST_HOST = "$(BUILT_PRODUCTS_DIR)/TableViewBeginner.app/$(BUNDLE_EXECUTABLE_FOLDER_PATH)/TableViewBeginner";
			};
			name = Release;
		};
		C56ECBE629E98C1900A092E6 /* Debug */ = {
			isa = XCBuildConfiguration;
			buildSettings = {
				ALWAYS_EMBED_SWIFT_STANDARD_LIBRARIES = YES;
				CODE_SIGN_STYLE = Automatic;
				CURRENT_PROJECT_VERSION = 1;
				GENERATE_INFOPLIST_FILE = YES;
				MARKETING_VERSION = 1.0;
				PRODUCT_BUNDLE_IDENTIFIER = com.sandeep.TableViewBeginnerUITests;
				PRODUCT_NAME = "$(TARGET_NAME)";
				SWIFT_EMIT_LOC_STRINGS = NO;
				SWIFT_VERSION = 5.0;
				TARGETED_DEVICE_FAMILY = "1,2";
				TEST_TARGET_NAME = TableViewBeginner;
			};
			name = Debug;
		};
		C56ECBE729E98C1900A092E6 /* Release */ = {
			isa = XCBuildConfiguration;
			buildSettings = {
				ALWAYS_EMBED_SWIFT_STANDARD_LIBRARIES = YES;
				CODE_SIGN_STYLE = Automatic;
				CURRENT_PROJECT_VERSION = 1;
				GENERATE_INFOPLIST_FILE = YES;
				MARKETING_VERSION = 1.0;
				PRODUCT_BUNDLE_IDENTIFIER = com.sandeep.TableViewBeginnerUITests;
				PRODUCT_NAME = "$(TARGET_NAME)";
				SWIFT_EMIT_LOC_STRINGS = NO;
				SWIFT_VERSION = 5.0;
				TARGETED_DEVICE_FAMILY = "1,2";
				TEST_TARGET_NAME = TableViewBeginner;
			};
			name = Release;
		};
/* End XCBuildConfiguration section */

/* Begin XCConfigurationList section */
		C56ECBB029E98C1700A092E6 /* Build configuration list for PBXProject "TableViewBeginner" */ = {
			isa = XCConfigurationList;
			buildConfigurations = (
				C56ECBDD29E98C1900A092E6 /* Debug */,
				C56ECBDE29E98C1900A092E6 /* Release */,
			);
			defaultConfigurationIsVisible = 0;
			defaultConfigurationName = Release;
		};
		C56ECBDF29E98C1900A092E6 /* Build configuration list for PBXNativeTarget "TableViewBeginner" */ = {
			isa = XCConfigurationList;
			buildConfigurations = (
				C56ECBE029E98C1900A092E6 /* Debug */,
				C56ECBE129E98C1900A092E6 /* Release */,
			);
			defaultConfigurationIsVisible = 0;
			defaultConfigurationName = Release;
		};
		C56ECBE229E98C1900A092E6 /* Build configuration list for PBXNativeTarget "TableViewBeginnerTests" */ = {
			isa = XCConfigurationList;
			buildConfigurations = (
				C56ECBE329E98C1900A092E6 /* Debug */,
				C56ECBE429E98C1900A092E6 /* Release */,
			);
			defaultConfigurationIsVisible = 0;
			defaultConfigurationName = Release;
		};
		C56ECBE529E98C1900A092E6 /* Build configuration list for PBXNativeTarget "TableViewBeginnerUITests" */ = {
			isa = XCConfigurationList;
			buildConfigurations = (
				C56ECBE629E98C1900A092E6 /* Debug */,
				C56ECBE729E98C1900A092E6 /* Release */,
			);
			defaultConfigurationIsVisible = 0;
			defaultConfigurationName = Release;
		};
/* End XCConfigurationList section */
	};
	rootObject = C56ECBAD29E98C1700A092E6 /* Project object */;
}
